// !$*UTF8*$!
{
	archiveVersion = 1;
	classes = {
	};
	objectVersion = 56;
	objects = {

/* Begin PBXBuildFile section */
		6147875C2AD6675200607C15 /* AppDelegate.swift in Sources */ = {isa = PBXBuildFile; fileRef = 6147875B2AD6675200607C15 /* AppDelegate.swift */; };
		6147875E2AD6675200607C15 /* SceneDelegate.swift in Sources */ = {isa = PBXBuildFile; fileRef = 6147875D2AD6675200607C15 /* SceneDelegate.swift */; };
		614787652AD6675500607C15 /* Assets.xcassets in Resources */ = {isa = PBXBuildFile; fileRef = 614787642AD6675500607C15 /* Assets.xcassets */; };
		614787682AD6675500607C15 /* LaunchScreen.storyboard in Resources */ = {isa = PBXBuildFile; fileRef = 614787662AD6675500607C15 /* LaunchScreen.storyboard */; };
		614787712AD66A8100607C15 /* MainCoordinator.swift in Sources */ = {isa = PBXBuildFile; fileRef = 614787702AD66A8100607C15 /* MainCoordinator.swift */; };
		614787732AD66A9D00607C15 /* MainTabBarController.swift in Sources */ = {isa = PBXBuildFile; fileRef = 614787722AD66A9D00607C15 /* MainTabBarController.swift */; };
		614787762AD66AD900607C15 /* FactoryTab.swift in Sources */ = {isa = PBXBuildFile; fileRef = 614787752AD66AD900607C15 /* FactoryTab.swift */; };
		614787782AD66B4F00607C15 /* AudioCoordinator.swift in Sources */ = {isa = PBXBuildFile; fileRef = 614787772AD66B4F00607C15 /* AudioCoordinator.swift */; };
		6147877B2AD66BB200607C15 /* AudioModel.swift in Sources */ = {isa = PBXBuildFile; fileRef = 6147877A2AD66BB200607C15 /* AudioModel.swift */; };
		6147877D2AD66C0B00607C15 /* AudioViewModel.swift in Sources */ = {isa = PBXBuildFile; fileRef = 6147877C2AD66C0B00607C15 /* AudioViewModel.swift */; };
		6147877F2AD66C9500607C15 /* AudioViewController.swift in Sources */ = {isa = PBXBuildFile; fileRef = 6147877E2AD66C9500607C15 /* AudioViewController.swift */; };
		614787812AD66DFB00607C15 /* VideoCoordinator.swift in Sources */ = {isa = PBXBuildFile; fileRef = 614787802AD66DFB00607C15 /* VideoCoordinator.swift */; };
		614787832AD66E2E00607C15 /* RecorderCoordinator.swift in Sources */ = {isa = PBXBuildFile; fileRef = 614787822AD66E2E00607C15 /* RecorderCoordinator.swift */; };
		614787872AD66E9200607C15 /* VideoModel.swift in Sources */ = {isa = PBXBuildFile; fileRef = 614787862AD66E9200607C15 /* VideoModel.swift */; };
		614787892AD66E9E00607C15 /* RecorderModel.swift in Sources */ = {isa = PBXBuildFile; fileRef = 614787882AD66E9E00607C15 /* RecorderModel.swift */; };
		6147878B2AD66EDD00607C15 /* VideoViewModel.swift in Sources */ = {isa = PBXBuildFile; fileRef = 6147878A2AD66EDD00607C15 /* VideoViewModel.swift */; };
		6147878D2AD66EEC00607C15 /* RecorderViewModel.swift in Sources */ = {isa = PBXBuildFile; fileRef = 6147878C2AD66EEC00607C15 /* RecorderViewModel.swift */; };
		6147878F2AD66F4C00607C15 /* VideoViewController.swift in Sources */ = {isa = PBXBuildFile; fileRef = 6147878E2AD66F4C00607C15 /* VideoViewController.swift */; };
		614787912AD66F5800607C15 /* RecorderViewController.swift in Sources */ = {isa = PBXBuildFile; fileRef = 614787902AD66F5800607C15 /* RecorderViewController.swift */; };
		614787942AD67EE200607C15 /* Tracks.swift in Sources */ = {isa = PBXBuildFile; fileRef = 614787932AD67EE200607C15 /* Tracks.swift */; };
		6147879A2AD6872300607C15 /* MassiveAttackParadiseCircus.mp3 in Resources */ = {isa = PBXBuildFile; fileRef = 614787952AD6872100607C15 /* MassiveAttackParadiseCircus.mp3 */; };
		6147879B2AD6872300607C15 /* GorillazDare.mp3 in Resources */ = {isa = PBXBuildFile; fileRef = 614787962AD6872100607C15 /* GorillazDare.mp3 */; };
		6147879C2AD6872300607C15 /* CrystalCastlesCrimewave.mp3 in Resources */ = {isa = PBXBuildFile; fileRef = 614787972AD6872200607C15 /* CrystalCastlesCrimewave.mp3 */; };
		6147879D2AD6872300607C15 /* LanaDelReyBlueJeans.mp3 in Resources */ = {isa = PBXBuildFile; fileRef = 614787982AD6872300607C15 /* LanaDelReyBlueJeans.mp3 */; };
		6147879E2AD6872300607C15 /* BurialUntrue.mp3 in Resources */ = {isa = PBXBuildFile; fileRef = 614787992AD6872300607C15 /* BurialUntrue.mp3 */; };
		614787A12AD689D100607C15 /* Buttons.swift in Sources */ = {isa = PBXBuildFile; fileRef = 614787A02AD689D100607C15 /* Buttons.swift */; };
		614787A32AD7066800607C15 /* VideoTableViewCell.swift in Sources */ = {isa = PBXBuildFile; fileRef = 614787A22AD7066800607C15 /* VideoTableViewCell.swift */; };
		614787A52AD708B800607C15 /* Videos.swift in Sources */ = {isa = PBXBuildFile; fileRef = 614787A42AD708B800607C15 /* Videos.swift */; };
		6191438B2AD909F70058595F /* DetailVideoViewController.swift in Sources */ = {isa = PBXBuildFile; fileRef = 6191438A2AD909F60058595F /* DetailVideoViewController.swift */; };
/* End PBXBuildFile section */

/* Begin PBXFileReference section */
		614787582AD6675200607C15 /* Multimedia.app */ = {isa = PBXFileReference; explicitFileType = wrapper.application; includeInIndex = 0; path = Multimedia.app; sourceTree = BUILT_PRODUCTS_DIR; };
		6147875B2AD6675200607C15 /* AppDelegate.swift */ = {isa = PBXFileReference; lastKnownFileType = sourcecode.swift; path = AppDelegate.swift; sourceTree = "<group>"; };
		6147875D2AD6675200607C15 /* SceneDelegate.swift */ = {isa = PBXFileReference; lastKnownFileType = sourcecode.swift; path = SceneDelegate.swift; sourceTree = "<group>"; };
		614787642AD6675500607C15 /* Assets.xcassets */ = {isa = PBXFileReference; lastKnownFileType = folder.assetcatalog; path = Assets.xcassets; sourceTree = "<group>"; };
		614787672AD6675500607C15 /* Base */ = {isa = PBXFileReference; lastKnownFileType = file.storyboard; name = Base; path = Base.lproj/LaunchScreen.storyboard; sourceTree = "<group>"; };
		614787692AD6675500607C15 /* Info.plist */ = {isa = PBXFileReference; lastKnownFileType = text.plist.xml; path = Info.plist; sourceTree = "<group>"; };
		614787702AD66A8100607C15 /* MainCoordinator.swift */ = {isa = PBXFileReference; lastKnownFileType = sourcecode.swift; path = MainCoordinator.swift; sourceTree = "<group>"; };
		614787722AD66A9D00607C15 /* MainTabBarController.swift */ = {isa = PBXFileReference; lastKnownFileType = sourcecode.swift; path = MainTabBarController.swift; sourceTree = "<group>"; };
		614787752AD66AD900607C15 /* FactoryTab.swift */ = {isa = PBXFileReference; lastKnownFileType = sourcecode.swift; path = FactoryTab.swift; sourceTree = "<group>"; };
		614787772AD66B4F00607C15 /* AudioCoordinator.swift */ = {isa = PBXFileReference; lastKnownFileType = sourcecode.swift; path = AudioCoordinator.swift; sourceTree = "<group>"; };
		6147877A2AD66BB200607C15 /* AudioModel.swift */ = {isa = PBXFileReference; lastKnownFileType = sourcecode.swift; path = AudioModel.swift; sourceTree = "<group>"; };
		6147877C2AD66C0B00607C15 /* AudioViewModel.swift */ = {isa = PBXFileReference; lastKnownFileType = sourcecode.swift; path = AudioViewModel.swift; sourceTree = "<group>"; };
		6147877E2AD66C9500607C15 /* AudioViewController.swift */ = {isa = PBXFileReference; lastKnownFileType = sourcecode.swift; path = AudioViewController.swift; sourceTree = "<group>"; };
		614787802AD66DFB00607C15 /* VideoCoordinator.swift */ = {isa = PBXFileReference; lastKnownFileType = sourcecode.swift; path = VideoCoordinator.swift; sourceTree = "<group>"; };
		614787822AD66E2E00607C15 /* RecorderCoordinator.swift */ = {isa = PBXFileReference; lastKnownFileType = sourcecode.swift; path = RecorderCoordinator.swift; sourceTree = "<group>"; };
		614787862AD66E9200607C15 /* VideoModel.swift */ = {isa = PBXFileReference; lastKnownFileType = sourcecode.swift; path = VideoModel.swift; sourceTree = "<group>"; };
		614787882AD66E9E00607C15 /* RecorderModel.swift */ = {isa = PBXFileReference; lastKnownFileType = sourcecode.swift; path = RecorderModel.swift; sourceTree = "<group>"; };
		6147878A2AD66EDD00607C15 /* VideoViewModel.swift */ = {isa = PBXFileReference; lastKnownFileType = sourcecode.swift; path = VideoViewModel.swift; sourceTree = "<group>"; };
		6147878C2AD66EEC00607C15 /* RecorderViewModel.swift */ = {isa = PBXFileReference; lastKnownFileType = sourcecode.swift; path = RecorderViewModel.swift; sourceTree = "<group>"; };
		6147878E2AD66F4C00607C15 /* VideoViewController.swift */ = {isa = PBXFileReference; lastKnownFileType = sourcecode.swift; path = VideoViewController.swift; sourceTree = "<group>"; };
		614787902AD66F5800607C15 /* RecorderViewController.swift */ = {isa = PBXFileReference; lastKnownFileType = sourcecode.swift; path = RecorderViewController.swift; sourceTree = "<group>"; };
		614787932AD67EE200607C15 /* Tracks.swift */ = {isa = PBXFileReference; lastKnownFileType = sourcecode.swift; path = Tracks.swift; sourceTree = "<group>"; };
		614787952AD6872100607C15 /* MassiveAttackParadiseCircus.mp3 */ = {isa = PBXFileReference; lastKnownFileType = audio.mp3; path = MassiveAttackParadiseCircus.mp3; sourceTree = "<group>"; };
		614787962AD6872100607C15 /* GorillazDare.mp3 */ = {isa = PBXFileReference; lastKnownFileType = audio.mp3; path = GorillazDare.mp3; sourceTree = "<group>"; };
		614787972AD6872200607C15 /* CrystalCastlesCrimewave.mp3 */ = {isa = PBXFileReference; lastKnownFileType = audio.mp3; path = CrystalCastlesCrimewave.mp3; sourceTree = "<group>"; };
		614787982AD6872300607C15 /* LanaDelReyBlueJeans.mp3 */ = {isa = PBXFileReference; lastKnownFileType = audio.mp3; path = LanaDelReyBlueJeans.mp3; sourceTree = "<group>"; };
		614787992AD6872300607C15 /* BurialUntrue.mp3 */ = {isa = PBXFileReference; lastKnownFileType = audio.mp3; path = BurialUntrue.mp3; sourceTree = "<group>"; };
		614787A02AD689D100607C15 /* Buttons.swift */ = {isa = PBXFileReference; lastKnownFileType = sourcecode.swift; path = Buttons.swift; sourceTree = "<group>"; };
		614787A22AD7066800607C15 /* VideoTableViewCell.swift */ = {isa = PBXFileReference; lastKnownFileType = sourcecode.swift; path = VideoTableViewCell.swift; sourceTree = "<group>"; };
		614787A42AD708B800607C15 /* Videos.swift */ = {isa = PBXFileReference; lastKnownFileType = sourcecode.swift; path = Videos.swift; sourceTree = "<group>"; };
		6191438A2AD909F60058595F /* DetailVideoViewController.swift */ = {isa = PBXFileReference; lastKnownFileType = sourcecode.swift; path = DetailVideoViewController.swift; sourceTree = "<group>"; };
/* End PBXFileReference section */

/* Begin PBXFrameworksBuildPhase section */
		614787552AD6675200607C15 /* Frameworks */ = {
			isa = PBXFrameworksBuildPhase;
			buildActionMask = 2147483647;
			files = (
			);
			runOnlyForDeploymentPostprocessing = 0;
		};
/* End PBXFrameworksBuildPhase section */

/* Begin PBXGroup section */
		6147874F2AD6675200607C15 = {
			isa = PBXGroup;
			children = (
				6147875A2AD6675200607C15 /* Multimedia */,
				614787592AD6675200607C15 /* Products */,
			);
			sourceTree = "<group>";
		};
		614787592AD6675200607C15 /* Products */ = {
			isa = PBXGroup;
			children = (
				614787582AD6675200607C15 /* Multimedia.app */,
			);
			name = Products;
			sourceTree = "<group>";
		};
		6147875A2AD6675200607C15 /* Multimedia */ = {
			isa = PBXGroup;
			children = (
				6147879F2AD689C200607C15 /* Service */,
				614787922AD67C1000607C15 /* Media */,
				6147876F2AD66A6600607C15 /* Coordinators */,
				614787742AD66ABE00607C15 /* Factory */,
				614787852AD66E5000607C15 /* Recorder */,
				614787842AD66E4800607C15 /* Video */,
				614787792AD66B9F00607C15 /* Auidio */,
				6147875B2AD6675200607C15 /* AppDelegate.swift */,
				6147875D2AD6675200607C15 /* SceneDelegate.swift */,
				614787642AD6675500607C15 /* Assets.xcassets */,
				614787662AD6675500607C15 /* LaunchScreen.storyboard */,
				614787692AD6675500607C15 /* Info.plist */,
			);
			path = Multimedia;
			sourceTree = "<group>";
		};
		6147876F2AD66A6600607C15 /* Coordinators */ = {
			isa = PBXGroup;
			children = (
				614787702AD66A8100607C15 /* MainCoordinator.swift */,
				614787772AD66B4F00607C15 /* AudioCoordinator.swift */,
				614787802AD66DFB00607C15 /* VideoCoordinator.swift */,
				614787822AD66E2E00607C15 /* RecorderCoordinator.swift */,
				614787722AD66A9D00607C15 /* MainTabBarController.swift */,
			);
			path = Coordinators;
			sourceTree = "<group>";
		};
		614787742AD66ABE00607C15 /* Factory */ = {
			isa = PBXGroup;
			children = (
				614787752AD66AD900607C15 /* FactoryTab.swift */,
			);
			path = Factory;
			sourceTree = "<group>";
		};
		614787792AD66B9F00607C15 /* Auidio */ = {
			isa = PBXGroup;
			children = (
				6147877A2AD66BB200607C15 /* AudioModel.swift */,
				6147877C2AD66C0B00607C15 /* AudioViewModel.swift */,
				6147877E2AD66C9500607C15 /* AudioViewController.swift */,
			);
			path = Auidio;
			sourceTree = "<group>";
		};
		614787842AD66E4800607C15 /* Video */ = {
			isa = PBXGroup;
			children = (
				614787862AD66E9200607C15 /* VideoModel.swift */,
				6147878A2AD66EDD00607C15 /* VideoViewModel.swift */,
				6147878E2AD66F4C00607C15 /* VideoViewController.swift */,
				6191438A2AD909F60058595F /* DetailVideoViewController.swift */,
				614787A22AD7066800607C15 /* VideoTableViewCell.swift */,
			);
			path = Video;
			sourceTree = "<group>";
		};
		614787852AD66E5000607C15 /* Recorder */ = {
			isa = PBXGroup;
			children = (
				614787882AD66E9E00607C15 /* RecorderModel.swift */,
				6147878C2AD66EEC00607C15 /* RecorderViewModel.swift */,
				614787902AD66F5800607C15 /* RecorderViewController.swift */,
			);
			path = Recorder;
			sourceTree = "<group>";
		};
		614787922AD67C1000607C15 /* Media */ = {
			isa = PBXGroup;
			children = (
				614787992AD6872300607C15 /* BurialUntrue.mp3 */,
				614787972AD6872200607C15 /* CrystalCastlesCrimewave.mp3 */,
				614787962AD6872100607C15 /* GorillazDare.mp3 */,
				614787982AD6872300607C15 /* LanaDelReyBlueJeans.mp3 */,
				614787952AD6872100607C15 /* MassiveAttackParadiseCircus.mp3 */,
				614787932AD67EE200607C15 /* Tracks.swift */,
				614787A42AD708B800607C15 /* Videos.swift */,
			);
			path = Media;
			sourceTree = "<group>";
		};
		6147879F2AD689C200607C15 /* Service */ = {
			isa = PBXGroup;
			children = (
				614787A02AD689D100607C15 /* Buttons.swift */,
			);
			path = Service;
			sourceTree = "<group>";
		};
/* End PBXGroup section */

/* Begin PBXNativeTarget section */
		614787572AD6675200607C15 /* Multimedia */ = {
			isa = PBXNativeTarget;
			buildConfigurationList = 6147876C2AD6675500607C15 /* Build configuration list for PBXNativeTarget "Multimedia" */;
			buildPhases = (
				614787542AD6675200607C15 /* Sources */,
				614787552AD6675200607C15 /* Frameworks */,
				614787562AD6675200607C15 /* Resources */,
			);
			buildRules = (
			);
			dependencies = (
			);
			name = Multimedia;
			productName = Multimedia;
			productReference = 614787582AD6675200607C15 /* Multimedia.app */;
			productType = "com.apple.product-type.application";
		};
/* End PBXNativeTarget section */

/* Begin PBXProject section */
		614787502AD6675200607C15 /* Project object */ = {
			isa = PBXProject;
			attributes = {
				BuildIndependentTargetsInParallel = 1;
				LastSwiftUpdateCheck = 1420;
				LastUpgradeCheck = 1420;
				TargetAttributes = {
					614787572AD6675200607C15 = {
						CreatedOnToolsVersion = 14.2;
					};
				};
			};
			buildConfigurationList = 614787532AD6675200607C15 /* Build configuration list for PBXProject "Multimedia" */;
			compatibilityVersion = "Xcode 14.0";
			developmentRegion = en;
			hasScannedForEncodings = 0;
			knownRegions = (
				en,
				Base,
			);
			mainGroup = 6147874F2AD6675200607C15;
			productRefGroup = 614787592AD6675200607C15 /* Products */;
			projectDirPath = "";
			projectRoot = "";
			targets = (
				614787572AD6675200607C15 /* Multimedia */,
			);
		};
/* End PBXProject section */

/* Begin PBXResourcesBuildPhase section */
		614787562AD6675200607C15 /* Resources */ = {
			isa = PBXResourcesBuildPhase;
			buildActionMask = 2147483647;
			files = (
				6147879E2AD6872300607C15 /* BurialUntrue.mp3 in Resources */,
				6147879A2AD6872300607C15 /* MassiveAttackParadiseCircus.mp3 in Resources */,
				6147879C2AD6872300607C15 /* CrystalCastlesCrimewave.mp3 in Resources */,
				6147879D2AD6872300607C15 /* LanaDelReyBlueJeans.mp3 in Resources */,
				614787682AD6675500607C15 /* LaunchScreen.storyboard in Resources */,
				6147879B2AD6872300607C15 /* GorillazDare.mp3 in Resources */,
				614787652AD6675500607C15 /* Assets.xcassets in Resources */,
			);
			runOnlyForDeploymentPostprocessing = 0;
		};
/* End PBXResourcesBuildPhase section */

/* Begin PBXSourcesBuildPhase section */
		614787542AD6675200607C15 /* Sources */ = {
			isa = PBXSourcesBuildPhase;
			buildActionMask = 2147483647;
			files = (
				6147877D2AD66C0B00607C15 /* AudioViewModel.swift in Sources */,
				614787A12AD689D100607C15 /* Buttons.swift in Sources */,
				614787712AD66A8100607C15 /* MainCoordinator.swift in Sources */,
				614787A52AD708B800607C15 /* Videos.swift in Sources */,
				614787892AD66E9E00607C15 /* RecorderModel.swift in Sources */,
				614787912AD66F5800607C15 /* RecorderViewController.swift in Sources */,
				6147878D2AD66EEC00607C15 /* RecorderViewModel.swift in Sources */,
				614787782AD66B4F00607C15 /* AudioCoordinator.swift in Sources */,
				614787732AD66A9D00607C15 /* MainTabBarController.swift in Sources */,
				6147875C2AD6675200607C15 /* AppDelegate.swift in Sources */,
				614787A32AD7066800607C15 /* VideoTableViewCell.swift in Sources */,
				614787942AD67EE200607C15 /* Tracks.swift in Sources */,
				6147878F2AD66F4C00607C15 /* VideoViewController.swift in Sources */,
				614787762AD66AD900607C15 /* FactoryTab.swift in Sources */,
				6147877B2AD66BB200607C15 /* AudioModel.swift in Sources */,
				614787872AD66E9200607C15 /* VideoModel.swift in Sources */,
				6147875E2AD6675200607C15 /* SceneDelegate.swift in Sources */,
				614787812AD66DFB00607C15 /* VideoCoordinator.swift in Sources */,
				614787832AD66E2E00607C15 /* RecorderCoordinator.swift in Sources */,
				6147878B2AD66EDD00607C15 /* VideoViewModel.swift in Sources */,
				6147877F2AD66C9500607C15 /* AudioViewController.swift in Sources */,
				6191438B2AD909F70058595F /* DetailVideoViewController.swift in Sources */,
			);
			runOnlyForDeploymentPostprocessing = 0;
		};
/* End PBXSourcesBuildPhase section */

/* Begin PBXVariantGroup section */
		614787662AD6675500607C15 /* LaunchScreen.storyboard */ = {
			isa = PBXVariantGroup;
			children = (
				614787672AD6675500607C15 /* Base */,
			);
			name = LaunchScreen.storyboard;
			sourceTree = "<group>";
		};
/* End PBXVariantGroup section */

/* Begin XCBuildConfiguration section */
		6147876A2AD6675500607C15 /* Debug */ = {
			isa = XCBuildConfiguration;
			buildSettings = {
				ALWAYS_SEARCH_USER_PATHS = NO;
				CLANG_ANALYZER_NONNULL = YES;
				CLANG_ANALYZER_NUMBER_OBJECT_CONVERSION = YES_AGGRESSIVE;
				CLANG_CXX_LANGUAGE_STANDARD = "gnu++20";
				CLANG_ENABLE_MODULES = YES;
				CLANG_ENABLE_OBJC_ARC = YES;
				CLANG_ENABLE_OBJC_WEAK = YES;
				CLANG_WARN_BLOCK_CAPTURE_AUTORELEASING = YES;
				CLANG_WARN_BOOL_CONVERSION = YES;
				CLANG_WARN_COMMA = YES;
				CLANG_WARN_CONSTANT_CONVERSION = YES;
				CLANG_WARN_DEPRECATED_OBJC_IMPLEMENTATIONS = YES;
				CLANG_WARN_DIRECT_OBJC_ISA_USAGE = YES_ERROR;
				CLANG_WARN_DOCUMENTATION_COMMENTS = YES;
				CLANG_WARN_EMPTY_BODY = YES;
				CLANG_WARN_ENUM_CONVERSION = YES;
				CLANG_WARN_INFINITE_RECURSION = YES;
				CLANG_WARN_INT_CONVERSION = YES;
				CLANG_WARN_NON_LITERAL_NULL_CONVERSION = YES;
				CLANG_WARN_OBJC_IMPLICIT_RETAIN_SELF = YES;
				CLANG_WARN_OBJC_LITERAL_CONVERSION = YES;
				CLANG_WARN_OBJC_ROOT_CLASS = YES_ERROR;
				CLANG_WARN_QUOTED_INCLUDE_IN_FRAMEWORK_HEADER = YES;
				CLANG_WARN_RANGE_LOOP_ANALYSIS = YES;
				CLANG_WARN_STRICT_PROTOTYPES = YES;
				CLANG_WARN_SUSPICIOUS_MOVE = YES;
				CLANG_WARN_UNGUARDED_AVAILABILITY = YES_AGGRESSIVE;
				CLANG_WARN_UNREACHABLE_CODE = YES;
				CLANG_WARN__DUPLICATE_METHOD_MATCH = YES;
				COPY_PHASE_STRIP = NO;
				DEBUG_INFORMATION_FORMAT = dwarf;
				ENABLE_STRICT_OBJC_MSGSEND = YES;
				ENABLE_TESTABILITY = YES;
				GCC_C_LANGUAGE_STANDARD = gnu11;
				GCC_DYNAMIC_NO_PIC = NO;
				GCC_NO_COMMON_BLOCKS = YES;
				GCC_OPTIMIZATION_LEVEL = 0;
				GCC_PREPROCESSOR_DEFINITIONS = (
					"DEBUG=1",
					"$(inherited)",
				);
				GCC_WARN_64_TO_32_BIT_CONVERSION = YES;
				GCC_WARN_ABOUT_RETURN_TYPE = YES_ERROR;
				GCC_WARN_UNDECLARED_SELECTOR = YES;
				GCC_WARN_UNINITIALIZED_AUTOS = YES_AGGRESSIVE;
				GCC_WARN_UNUSED_FUNCTION = YES;
				GCC_WARN_UNUSED_VARIABLE = YES;
				IPHONEOS_DEPLOYMENT_TARGET = 16.2;
				MTL_ENABLE_DEBUG_INFO = INCLUDE_SOURCE;
				MTL_FAST_MATH = YES;
				ONLY_ACTIVE_ARCH = YES;
				SDKROOT = iphoneos;
				SWIFT_ACTIVE_COMPILATION_CONDITIONS = DEBUG;
				SWIFT_OPTIMIZATION_LEVEL = "-Onone";
			};
			name = Debug;
		};
		6147876B2AD6675500607C15 /* Release */ = {
			isa = XCBuildConfiguration;
			buildSettings = {
				ALWAYS_SEARCH_USER_PATHS = NO;
				CLANG_ANALYZER_NONNULL = YES;
				CLANG_ANALYZER_NUMBER_OBJECT_CONVERSION = YES_AGGRESSIVE;
				CLANG_CXX_LANGUAGE_STANDARD = "gnu++20";
				CLANG_ENABLE_MODULES = YES;
				CLANG_ENABLE_OBJC_ARC = YES;
				CLANG_ENABLE_OBJC_WEAK = YES;
				CLANG_WARN_BLOCK_CAPTURE_AUTORELEASING = YES;
				CLANG_WARN_BOOL_CONVERSION = YES;
				CLANG_WARN_COMMA = YES;
				CLANG_WARN_CONSTANT_CONVERSION = YES;
				CLANG_WARN_DEPRECATED_OBJC_IMPLEMENTATIONS = YES;
				CLANG_WARN_DIRECT_OBJC_ISA_USAGE = YES_ERROR;
				CLANG_WARN_DOCUMENTATION_COMMENTS = YES;
				CLANG_WARN_EMPTY_BODY = YES;
				CLANG_WARN_ENUM_CONVERSION = YES;
				CLANG_WARN_INFINITE_RECURSION = YES;
				CLANG_WARN_INT_CONVERSION = YES;
				CLANG_WARN_NON_LITERAL_NULL_CONVERSION = YES;
				CLANG_WARN_OBJC_IMPLICIT_RETAIN_SELF = YES;
				CLANG_WARN_OBJC_LITERAL_CONVERSION = YES;
				CLANG_WARN_OBJC_ROOT_CLASS = YES_ERROR;
				CLANG_WARN_QUOTED_INCLUDE_IN_FRAMEWORK_HEADER = YES;
				CLANG_WARN_RANGE_LOOP_ANALYSIS = YES;
				CLANG_WARN_STRICT_PROTOTYPES = YES;
				CLANG_WARN_SUSPICIOUS_MOVE = YES;
				CLANG_WARN_UNGUARDED_AVAILABILITY = YES_AGGRESSIVE;
				CLANG_WARN_UNREACHABLE_CODE = YES;
				CLANG_WARN__DUPLICATE_METHOD_MATCH = YES;
				COPY_PHASE_STRIP = NO;
				DEBUG_INFORMATION_FORMAT = "dwarf-with-dsym";
				ENABLE_NS_ASSERTIONS = NO;
				ENABLE_STRICT_OBJC_MSGSEND = YES;
				GCC_C_LANGUAGE_STANDARD = gnu11;
				GCC_NO_COMMON_BLOCKS = YES;
				GCC_WARN_64_TO_32_BIT_CONVERSION = YES;
				GCC_WARN_ABOUT_RETURN_TYPE = YES_ERROR;
				GCC_WARN_UNDECLARED_SELECTOR = YES;
				GCC_WARN_UNINITIALIZED_AUTOS = YES_AGGRESSIVE;
				GCC_WARN_UNUSED_FUNCTION = YES;
				GCC_WARN_UNUSED_VARIABLE = YES;
				IPHONEOS_DEPLOYMENT_TARGET = 16.2;
				MTL_ENABLE_DEBUG_INFO = NO;
				MTL_FAST_MATH = YES;
				SDKROOT = iphoneos;
				SWIFT_COMPILATION_MODE = wholemodule;
				SWIFT_OPTIMIZATION_LEVEL = "-O";
				VALIDATE_PRODUCT = YES;
			};
			name = Release;
		};
		6147876D2AD6675500607C15 /* Debug */ = {
			isa = XCBuildConfiguration;
			buildSettings = {
				ASSETCATALOG_COMPILER_APPICON_NAME = AppIcon;
				ASSETCATALOG_COMPILER_GLOBAL_ACCENT_COLOR_NAME = AccentColor;
				CODE_SIGN_IDENTITY = "Apple Development";
				CODE_SIGN_STYLE = Automatic;
				CURRENT_PROJECT_VERSION = 1;
				DEVELOPMENT_TEAM = DDMVZ4HQY9;
				GENERATE_INFOPLIST_FILE = YES;
				INFOPLIST_FILE = Multimedia/Info.plist;
				INFOPLIST_KEY_NSMicrophoneUsageDescription = "";
				INFOPLIST_KEY_UIApplicationSupportsIndirectInputEvents = YES;
				INFOPLIST_KEY_UILaunchStoryboardName = LaunchScreen;
				INFOPLIST_KEY_UIMainStoryboardFile = "";
				INFOPLIST_KEY_UISupportedInterfaceOrientations_iPad = "UIInterfaceOrientationPortrait UIInterfaceOrientationPortraitUpsideDown UIInterfaceOrientationLandscapeLeft UIInterfaceOrientationLandscapeRight";
				INFOPLIST_KEY_UISupportedInterfaceOrientations_iPhone = "UIInterfaceOrientationPortrait UIInterfaceOrientationLandscapeLeft UIInterfaceOrientationLandscapeRight";
				IPHONEOS_DEPLOYMENT_TARGET = 13.0;
				LD_RUNPATH_SEARCH_PATHS = (
					"$(inherited)",
					"@executable_path/Frameworks",
				);
				MARKETING_VERSION = 1.0;
				PRODUCT_BUNDLE_IDENTIFIER = com.nagaevaki.Multimedia;
				PRODUCT_NAME = "$(TARGET_NAME)";
				PROVISIONING_PROFILE_SPECIFIER = "";
				SUPPORTED_PLATFORMS = "iphoneos iphonesimulator";
				SUPPORTS_MACCATALYST = NO;
				SUPPORTS_MAC_DESIGNED_FOR_IPHONE_IPAD = NO;
				SWIFT_EMIT_LOC_STRINGS = YES;
				SWIFT_VERSION = 5.0;
				TARGETED_DEVICE_FAMILY = 1;
			};
			name = Debug;
		};
		6147876E2AD6675500607C15 /* Release */ = {
			isa = XCBuildConfiguration;
			buildSettings = {
				ASSETCATALOG_COMPILER_APPICON_NAME = AppIcon;
				ASSETCATALOG_COMPILER_GLOBAL_ACCENT_COLOR_NAME = AccentColor;
				CODE_SIGN_IDENTITY = "Apple Development";
				CODE_SIGN_STYLE = Automatic;
				CURRENT_PROJECT_VERSION = 1;
				DEVELOPMENT_TEAM = DDMVZ4HQY9;
				GENERATE_INFOPLIST_FILE = YES;
				INFOPLIST_FILE = Multimedia/Info.plist;
				INFOPLIST_KEY_NSMicrophoneUsageDescription = "";
				INFOPLIST_KEY_UIApplicationSupportsIndirectInputEvents = YES;
				INFOPLIST_KEY_UILaunchStoryboardName = LaunchScreen;
				INFOPLIST_KEY_UIMainStoryboardFile = "";
				INFOPLIST_KEY_UISupportedInterfaceOrientations_iPad = "UIInterfaceOrientationPortrait UIInterfaceOrientationPortraitUpsideDown UIInterfaceOrientationLandscapeLeft UIInterfaceOrientationLandscapeRight";
				INFOPLIST_KEY_UISupportedInterfaceOrientations_iPhone = "UIInterfaceOrientationPortrait UIInterfaceOrientationLandscapeLeft UIInterfaceOrientationLandscapeRight";
				IPHONEOS_DEPLOYMENT_TARGET = 13.0;
				LD_RUNPATH_SEARCH_PATHS = (
					"$(inherited)",
					"@executable_path/Frameworks",
				);
				MARKETING_VERSION = 1.0;
				PRODUCT_BUNDLE_IDENTIFIER = com.nagaevaki.Multimedia;
				PRODUCT_NAME = "$(TARGET_NAME)";
				PROVISIONING_PROFILE_SPECIFIER = "";
				SUPPORTED_PLATFORMS = "iphoneos iphonesimulator";
				SUPPORTS_MACCATALYST = NO;
				SUPPORTS_MAC_DESIGNED_FOR_IPHONE_IPAD = NO;
				SWIFT_EMIT_LOC_STRINGS = YES;
				SWIFT_VERSION = 5.0;
				TARGETED_DEVICE_FAMILY = 1;
			};
			name = Release;
		};
/* End XCBuildConfiguration section */

/* Begin XCConfigurationList section */
		614787532AD6675200607C15 /* Build configuration list for PBXProject "Multimedia" */ = {
			isa = XCConfigurationList;
			buildConfigurations = (
				6147876A2AD6675500607C15 /* Debug */,
				6147876B2AD6675500607C15 /* Release */,
			);
			defaultConfigurationIsVisible = 0;
			defaultConfigurationName = Release;
		};
		6147876C2AD6675500607C15 /* Build configuration list for PBXNativeTarget "Multimedia" */ = {
			isa = XCConfigurationList;
			buildConfigurations = (
				6147876D2AD6675500607C15 /* Debug */,
				6147876E2AD6675500607C15 /* Release */,
			);
			defaultConfigurationIsVisible = 0;
			defaultConfigurationName = Release;
		};
/* End XCConfigurationList section */
	};
	rootObject = 614787502AD6675200607C15 /* Project object */;
}
